
Microsoft Visual Studio Solution File, Format Version 12.00
# Visual Studio Version 17
VisualStudioVersion = 17.6.33815.320
MinimumVisualStudioVersion = 10.0.40219.1
Project("{FAE04EC0-301F-11D3-BF4B-00C04F79EFBC}") = "MusicManagement.Tests", "MusicManager.Tests\MusicManagement.Tests.csproj", "{A9A0E6DE-B452-4B75-864F-51E347CACC17}"
EndProject
Project("{FAE04EC0-301F-11D3-BF4B-00C04F79EFBC}") = "MusicManagement.Library", "MusicManager.Library\MusicManagement.Library.csproj", "{A9648140-8C2C-46DA-9492-3DC9E5DECB0F}"
EndProject
Global
	GlobalSection(SolutionConfigurationPlatforms) = preSolution
		Debug|Any CPU = Debug|Any CPU
		Release|Any CPU = Release|Any CPU
	EndGlobalSection
	GlobalSection(ProjectConfigurationPlatforms) = postSolution
		{A9A0E6DE-B452-4B75-864F-51E347CACC17}.Debug|Any CPU.ActiveCfg = Debug|Any CPU
		{A9A0E6DE-B452-4B75-864F-51E347CACC17}.Debug|Any CPU.Build.0 = Debug|Any CPU
		{A9A0E6DE-B452-4B75-864F-51E347CACC17}.Release|Any CPU.ActiveCfg = Release|Any CPU
		{A9A0E6DE-B452-4B75-864F-51E347CACC17}.Release|Any CPU.Build.0 = Release|Any CPU
		{A9648140-8C2C-46DA-9492-3DC9E5DECB0F}.Debug|Any CPU.ActiveCfg = Debug|Any CPU
		{A9648140-8C2C-46DA-9492-3DC9E5DECB0F}.Debug|Any CPU.Build.0 = Debug|Any CPU
		{A9648140-8C2C-46DA-9492-3DC9E5DECB0F}.Release|Any CPU.ActiveCfg = Release|Any CPU
		{A9648140-8C2C-46DA-9492-3DC9E5DECB0F}.Release|Any CPU.Build.0 = Release|Any CPU
	EndGlobalSection
	GlobalSection(SolutionProperties) = preSolution
		HideSolutionNode = FALSE
	EndGlobalSection
	GlobalSection(ExtensibilityGlobals) = postSolution
		SolutionGuid = {2CBFF8C7-FED6-436E-BBEB-41D10B0DE45C}
	EndGlobalSection
EndGlobal
